
Microsoft Visual Studio Solution File, Format Version 12.00
# Visual Studio 14
VisualStudioVersion = 14.0.25420.1
MinimumVisualStudioVersion = 10.0.40219.1
Project("{8BC9CEB8-8B4A-11D0-8D11-00A0C91BC942}") = "TRPO_Origin", "TRPO_Origin\TRPO_Origin.vcxproj", "{5000577E-1A90-401E-9D3F-BD7C7AD7694E}"
EndProject
Project("{8BC9CEB8-8B4A-11D0-8D11-00A0C91BC942}") = "TRPO2", "TRPO2\TRPO2.vcxproj", "{E0E2B96B-9C62-4E5F-9954-CDB3108ACD2D}"
EndProject
Global
	GlobalSection(SolutionConfigurationPlatforms) = preSolution
		Debug|x64 = Debug|x64
		Debug|x86 = Debug|x86
		Release|x64 = Release|x64
		Release|x86 = Release|x86
	EndGlobalSection
	GlobalSection(ProjectConfigurationPlatforms) = postSolution
		{5000577E-1A90-401E-9D3F-BD7C7AD7694E}.Debug|x64.ActiveCfg = Debug|x64
		{5000577E-1A90-401E-9D3F-BD7C7AD7694E}.Debug|x64.Build.0 = Debug|x64
		{5000577E-1A90-401E-9D3F-BD7C7AD7694E}.Debug|x86.ActiveCfg = Debug|Win32
		{5000577E-1A90-401E-9D3F-BD7C7AD7694E}.Debug|x86.Build.0 = Debug|Win32
		{5000577E-1A90-401E-9D3F-BD7C7AD7694E}.Release|x64.ActiveCfg = Release|x64
		{5000577E-1A90-401E-9D3F-BD7C7AD7694E}.Release|x64.Build.0 = Release|x64
		{5000577E-1A90-401E-9D3F-BD7C7AD7694E}.Release|x86.ActiveCfg = Release|Win32
		{5000577E-1A90-401E-9D3F-BD7C7AD7694E}.Release|x86.Build.0 = Release|Win32
		{E0E2B96B-9C62-4E5F-9954-CDB3108ACD2D}.Debug|x64.ActiveCfg = Debug|x64
		{E0E2B96B-9C62-4E5F-9954-CDB3108ACD2D}.Debug|x64.Build.0 = Debug|x64
		{E0E2B96B-9C62-4E5F-9954-CDB3108ACD2D}.Debug|x86.ActiveCfg = Debug|Win32
		{E0E2B96B-9C62-4E5F-9954-CDB3108ACD2D}.Debug|x86.Build.0 = Debug|Win32
		{E0E2B96B-9C62-4E5F-9954-CDB3108ACD2D}.Release|x64.ActiveCfg = Release|x64
		{E0E2B96B-9C62-4E5F-9954-CDB3108ACD2D}.Release|x64.Build.0 = Release|x64
		{E0E2B96B-9C62-4E5F-9954-CDB3108ACD2D}.Release|x86.ActiveCfg = Release|Win32
		{E0E2B96B-9C62-4E5F-9954-CDB3108ACD2D}.Release|x86.Build.0 = Release|Win32
	EndGlobalSection
	GlobalSection(SolutionProperties) = preSolution
		HideSolutionNode = FALSE
	EndGlobalSection
EndGlobal
